
Microsoft Visual Studio Solution File, Format Version 12.00
# Visual Studio Version 17
VisualStudioVersion = 17.10.35013.160
MinimumVisualStudioVersion = 10.0.40219.1
Project("{9A19103F-16F7-4668-BE54-9A1E7A4F7556}") = "GerberBackend", "GerberBackend.csproj", "{953DE35A-1A1B-4EE5-90CB-CB65766CD02B}"
EndProject
Project("{FAE04EC0-301F-11D3-BF4B-00C04F79EFBC}") = "GerberGenerate", "..\GerberGenerate\GerberGenerate\GerberGenerate.csproj", "{CAB33897-0621-4878-B000-2ADE2EB1946D}"
EndProject
Global
	GlobalSection(SolutionConfigurationPlatforms) = preSolution
		Debug|Any CPU = Debug|Any CPU
		Release|Any CPU = Release|Any CPU
	EndGlobalSection
	GlobalSection(ProjectConfigurationPlatforms) = postSolution
		{953DE35A-1A1B-4EE5-90CB-CB65766CD02B}.Debug|Any CPU.ActiveCfg = Release|Any CPU
		{953DE35A-1A1B-4EE5-90CB-CB65766CD02B}.Debug|Any CPU.Build.0 = Release|Any CPU
		{953DE35A-1A1B-4EE5-90CB-CB65766CD02B}.Release|Any CPU.ActiveCfg = Release|Any CPU
		{953DE35A-1A1B-4EE5-90CB-CB65766CD02B}.Release|Any CPU.Build.0 = Release|Any CPU
		{CAB33897-0621-4878-B000-2ADE2EB1946D}.Debug|Any CPU.ActiveCfg = Debug|Any CPU
		{CAB33897-0621-4878-B000-2ADE2EB1946D}.Debug|Any CPU.Build.0 = Debug|Any CPU
		{CAB33897-0621-4878-B000-2ADE2EB1946D}.Release|Any CPU.ActiveCfg = Release|Any CPU
		{CAB33897-0621-4878-B000-2ADE2EB1946D}.Release|Any CPU.Build.0 = Release|Any CPU
	EndGlobalSection
	GlobalSection(SolutionProperties) = preSolution
		HideSolutionNode = FALSE
	EndGlobalSection
	GlobalSection(ExtensibilityGlobals) = postSolution
		SolutionGuid = {435F9EE6-001D-484D-B896-9265DBE6987C}
	EndGlobalSection
EndGlobal
